
Microsoft Visual Studio Solution File, Format Version 12.00
# Visual Studio Version 17
VisualStudioVersion = 17.3.32519.111
MinimumVisualStudioVersion = 10.0.40219.1
Project("{FAE04EC0-301F-11D3-BF4B-00C04F79EFBC}") = "YachtClub", "YachtClub\YachtClub.csproj", "{0ED2194E-4FE8-4731-978B-440768EFF914}"
EndProject
Project("{FAE04EC0-301F-11D3-BF4B-00C04F79EFBC}") = "YachtClub.Tests", "YachtClub.Tests\YachtClub.Tests.csproj", "{A65430D2-D2B7-4195-B952-A02DE9AFBAE5}"
EndProject
Global
	GlobalSection(SolutionConfigurationPlatforms) = preSolution
		Debug|Any CPU = Debug|Any CPU
		Release|Any CPU = Release|Any CPU
	EndGlobalSection
	GlobalSection(ProjectConfigurationPlatforms) = postSolution
		{0ED2194E-4FE8-4731-978B-440768EFF914}.Debug|Any CPU.ActiveCfg = Debug|Any CPU
		{0ED2194E-4FE8-4731-978B-440768EFF914}.Debug|Any CPU.Build.0 = Debug|Any CPU
		{0ED2194E-4FE8-4731-978B-440768EFF914}.Release|Any CPU.ActiveCfg = Release|Any CPU
		{0ED2194E-4FE8-4731-978B-440768EFF914}.Release|Any CPU.Build.0 = Release|Any CPU
		{A65430D2-D2B7-4195-B952-A02DE9AFBAE5}.Debug|Any CPU.ActiveCfg = Debug|Any CPU
		{A65430D2-D2B7-4195-B952-A02DE9AFBAE5}.Debug|Any CPU.Build.0 = Debug|Any CPU
		{A65430D2-D2B7-4195-B952-A02DE9AFBAE5}.Release|Any CPU.ActiveCfg = Release|Any CPU
		{A65430D2-D2B7-4195-B952-A02DE9AFBAE5}.Release|Any CPU.Build.0 = Release|Any CPU
	EndGlobalSection
	GlobalSection(SolutionProperties) = preSolution
		HideSolutionNode = FALSE
	EndGlobalSection
	GlobalSection(ExtensibilityGlobals) = postSolution
		SolutionGuid = {2A146F8A-B9F7-467C-9FFD-7C8671EF7320}
	EndGlobalSection
EndGlobal
